Microsoft Visual Studio Solution File, Format Version 12.00
# Visual Studio 2012
Project("{FAE04EC0-301F-11D3-BF4B-00C04F79EFBC}") = "Test_project", "Test_project.csproj", "{6998D922-AE60-47B9-9DAF-72C3BB5A6C73}"
EndProject
Global
	GlobalSection(SolutionConfigurationPlatforms) = preSolution
	Debug|Any CPU = Debug|Any CPU
	ExportDebug|Any CPU = ExportDebug|Any CPU
	ExportRelease|Any CPU = ExportRelease|Any CPU
	EndGlobalSection
	GlobalSection(ProjectConfigurationPlatforms) = postSolution
		{6998D922-AE60-47B9-9DAF-72C3BB5A6C73}.Debug|Any CPU.ActiveCfg = Debug|Any CPU
		{6998D922-AE60-47B9-9DAF-72C3BB5A6C73}.Debug|Any CPU.Build.0 = Debug|Any CPU
		{6998D922-AE60-47B9-9DAF-72C3BB5A6C73}.ExportDebug|Any CPU.ActiveCfg = ExportDebug|Any CPU
		{6998D922-AE60-47B9-9DAF-72C3BB5A6C73}.ExportDebug|Any CPU.Build.0 = ExportDebug|Any CPU
		{6998D922-AE60-47B9-9DAF-72C3BB5A6C73}.ExportRelease|Any CPU.ActiveCfg = ExportRelease|Any CPU
		{6998D922-AE60-47B9-9DAF-72C3BB5A6C73}.ExportRelease|Any CPU.Build.0 = ExportRelease|Any CPU
	EndGlobalSection
EndGlobal
